// !$*UTF8*$!
{
	archiveVersion = 1;
	classes = {
	};
	objectVersion = 46;
	objects = {

/* Begin PBXAggregateTarget section */
		414945B31BEABB4700C92587 /* Tests */ = {
			isa = PBXAggregateTarget;
			buildConfigurationList = 414945B41BEABB4700C92587 /* Build configuration list for PBXAggregateTarget "Tests" */;
			buildPhases = (
			);
			dependencies = (
				414945BC1BEABB5E00C92587 /* PBXTargetDependency */,
				414945BE1BEABB5E00C92587 /* PBXTargetDependency */,
			);
			name = Tests;
			productName = Tests;
		};
		414A61CC1C8EE8110011AA7E /* Libraries */ = {
			isa = PBXAggregateTarget;
			buildConfigurationList = 414A61CF1C8EE8110011AA7E /* Build configuration list for PBXAggregateTarget "Libraries" */;
			buildPhases = (
			);
			dependencies = (
				414A61D11C8EE82D0011AA7E /* PBXTargetDependency */,
			);
			name = Libraries;
			productName = Libraries;
		};
/* End PBXAggregateTarget section */

/* Begin PBXBuildFile section */
		4116D22E1BB7FAE200EE88F2 /* main.m in Sources */ = {isa = PBXBuildFile; fileRef = 4116D22D1BB7FAE200EE88F2 /* main.m */; };
		4116D2311BB7FAE200EE88F2 /* AppDelegate.m in Sources */ = {isa = PBXBuildFile; fileRef = 4116D2301BB7FAE200EE88F2 /* AppDelegate.m */; };
		4116D2341BB7FAE200EE88F2 /* ViewController.m in Sources */ = {isa = PBXBuildFile; fileRef = 4116D2331BB7FAE200EE88F2 /* ViewController.m */; };
		4116D2371BB7FAE200EE88F2 /* Main.storyboard in Resources */ = {isa = PBXBuildFile; fileRef = 4116D2351BB7FAE200EE88F2 /* Main.storyboard */; };
		4116D2391BB7FAE200EE88F2 /* Images.xcassets in Resources */ = {isa = PBXBuildFile; fileRef = 4116D2381BB7FAE200EE88F2 /* Images.xcassets */; };
		4116D23C1BB7FAE200EE88F2 /* LaunchScreen.xib in Resources */ = {isa = PBXBuildFile; fileRef = 4116D23A1BB7FAE200EE88F2 /* LaunchScreen.xib */; };
		413831F81BCABCAA009D1ABE /* mulle_aba_linkedlist.c in Sources */ = {isa = PBXBuildFile; fileRef = 4177B15A1B447C4E0073EA65 /* mulle_aba_linkedlist.c */; };
		413831F91BCABCAA009D1ABE /* mulle_aba_storage.c in Sources */ = {isa = PBXBuildFile; fileRef = 414AC1B41AC2C56100DCA3CC /* mulle_aba_storage.c */; };
		413831FA1BCABCAA009D1ABE /* mulle_aba.c in Sources */ = {isa = PBXBuildFile; fileRef = 4147853A1ABB13D7002DBAE4 /* mulle_aba.c */; };
		413832021BCABCD9009D1ABE /* libmulle_aba (iOS).a in Frameworks */ = {isa = PBXBuildFile; fileRef = 413831FF1BCABCAA009D1ABE /* libmulle_aba (iOS).a */; };
		413832051BCAC618009D1ABE /* UIKit.framework in Frameworks */ = {isa = PBXBuildFile; fileRef = 413832041BCAC618009D1ABE /* UIKit.framework */; };
		414785301ABAF290002DBAE4 /* main.c in Sources */ = {isa = PBXBuildFile; fileRef = 4147852F1ABAF290002DBAE4 /* main.c */; };
		414945B11BEAB89C00C92587 /* libmulle_test_allocator.a in Frameworks */ = {isa = PBXBuildFile; fileRef = 414945B01BEAB89C00C92587 /* libmulle_test_allocator.a */; };
		414945B21BEAB9C800C92587 /* libmulle_test_allocator.a in Frameworks */ = {isa = PBXBuildFile; fileRef = 414945B01BEAB89C00C92587 /* libmulle_test_allocator.a */; };
		416F9D921C884F6E005B16FC /* libmulle_aba.a in Frameworks */ = {isa = PBXBuildFile; fileRef = 41F14FE61B68F098002189F1 /* libmulle_aba.a */; };
		417260DA1BCB07110049ED48 /* ll_main.c in Sources */ = {isa = PBXBuildFile; fileRef = 419795A21B6A52B5005417AA /* ll_main.c */; };
		417E67761BCC018700AA0322 /* mulle_aba_defines.h in Headers */ = {isa = PBXBuildFile; fileRef = 4164C77C1AC6094C00A8A1C4 /* mulle_aba_defines.h */; };
		417E67771BCC018700AA0322 /* mulle_aba_linkedlist.h in Headers */ = {isa = PBXBuildFile; fileRef = 4177B15B1B447C4E0073EA65 /* mulle_aba_linkedlist.h */; settings = {ATTRIBUTES = (Public, ); }; };
		417E67781BCC018700AA0322 /* mulle_aba_storage.h in Headers */ = {isa = PBXBuildFile; fileRef = 414AC1B31AC2C56100DCA3CC /* mulle_aba_storage.h */; settings = {ATTRIBUTES = (Public, ); }; };
		417E67791BCC018700AA0322 /* mulle_aba.h in Headers */ = {isa = PBXBuildFile; fileRef = 4147853B1ABB13D7002DBAE4 /* mulle_aba.h */; settings = {ATTRIBUTES = (Public, ); }; };
		4185028B1C875E22008C77C4 /* main.m in Sources */ = {isa = PBXBuildFile; fileRef = 4185028A1C875E22008C77C4 /* main.m */; };
		4197959C1B6A5290005417AA /* libmulle_aba.a in Frameworks */ = {isa = PBXBuildFile; fileRef = 41F14FE61B68F098002189F1 /* libmulle_aba.a */; };
		419795A31B6A52B5005417AA /* ll_main.c in Sources */ = {isa = PBXBuildFile; fileRef = 419795A21B6A52B5005417AA /* ll_main.c */; };
		41B2CC5D1C5120B9006CA7BB /* libmulle_allocator.a in Frameworks */ = {isa = PBXBuildFile; fileRef = 41B2CC591C512033006CA7BB /* libmulle_allocator.a */; };
		41F14FEC1B68F0AE002189F1 /* mulle_aba_linkedlist.c in Sources */ = {isa = PBXBuildFile; fileRef = 4177B15A1B447C4E0073EA65 /* mulle_aba_linkedlist.c */; };
		41F14FED1B68F0AE002189F1 /* mulle_aba_storage.c in Sources */ = {isa = PBXBuildFile; fileRef = 414AC1B41AC2C56100DCA3CC /* mulle_aba_storage.c */; };
		41F14FEE1B68F0AE002189F1 /* mulle_aba.c in Sources */ = {isa = PBXBuildFile; fileRef = 4147853A1ABB13D7002DBAE4 /* mulle_aba.c */; };
		41F14FF11B68F0CA002189F1 /* libmulle_aba.a in Frameworks */ = {isa = PBXBuildFile; fileRef = 41F14FE61B68F098002189F1 /* libmulle_aba.a */; };
		41F9363A1CAC4AA20087D0E0 /* libmulle_allocator.a in Frameworks */ = {isa = PBXBuildFile; fileRef = 41B2CC591C512033006CA7BB /* libmulle_allocator.a */; };
		41F9363B1CAC4AA70087D0E0 /* libmulle_allocator.a in Frameworks */ = {isa = PBXBuildFile; fileRef = 41B2CC591C512033006CA7BB /* libmulle_allocator.a */; };
		41F9F33D1C8B2526001E405A /* libmulle_allocator.a in Frameworks */ = {isa = PBXBuildFile; fileRef = 41B2CC591C512033006CA7BB /* libmulle_allocator.a */; };
/* End PBXBuildFile section */

/* Begin PBXContainerItemProxy section */
		413832001BCABCD2009D1ABE /* PBXContainerItemProxy */ = {
			isa = PBXContainerItemProxy;
			containerPortal = 414785241ABAF290002DBAE4 /* Project object */;
			proxyType = 1;
			remoteGlobalIDString = 413831F51BCABCAA009D1ABE;
			remoteInfo = "mulle_aba (iOS)";
		};
		414945BB1BEABB5E00C92587 /* PBXContainerItemProxy */ = {
			isa = PBXContainerItemProxy;
			containerPortal = 414785241ABAF290002DBAE4 /* Project object */;
			proxyType = 1;
			remoteGlobalIDString = 4147852B1ABAF290002DBAE4;
			remoteInfo = mulle_aba_test;
		};
		414945BD1BEABB5E00C92587 /* PBXContainerItemProxy */ = {
			isa = PBXContainerItemProxy;
			containerPortal = 414785241ABAF290002DBAE4 /* Project object */;
			proxyType = 1;
			remoteGlobalIDString = 419795961B6A5290005417AA;
			remoteInfo = mulle_aba_linked_list_test;
		};
		414A61D01C8EE82D0011AA7E /* PBXContainerItemProxy */ = {
			isa = PBXContainerItemProxy;
			containerPortal = 414785241ABAF290002DBAE4 /* Project object */;
			proxyType = 1;
			remoteGlobalIDString = 41F14FE51B68F098002189F1;
			remoteInfo = mulle_aba;
		};
		416F9D931C884F72005B16FC /* PBXContainerItemProxy */ = {
			isa = PBXContainerItemProxy;
			containerPortal = 414785241ABAF290002DBAE4 /* Project object */;
			proxyType = 1;
			remoteGlobalIDString = 41F14FE51B68F098002189F1;
			remoteInfo = mulle_aba;
		};
		419795981B6A5290005417AA /* PBXContainerItemProxy */ = {
			isa = PBXContainerItemProxy;
			containerPortal = 414785241ABAF290002DBAE4 /* Project object */;
			proxyType = 1;
			remoteGlobalIDString = 41F14FE51B68F098002189F1;
			remoteInfo = mulle_aba;
		};
		41F14FEF1B68F0C5002189F1 /* PBXContainerItemProxy */ = {
			isa = PBXContainerItemProxy;
			containerPortal = 414785241ABAF290002DBAE4 /* Project object */;
			proxyType = 1;
			remoteGlobalIDString = 41F14FE51B68F098002189F1;
			remoteInfo = mulle_aba;
		};
/* End PBXContainerItemProxy section */

/* Begin PBXFileReference section */
		4116D2291BB7FAE200EE88F2 /* run-on-ipad.app */ = {isa = PBXFileReference; explicitFileType = wrapper.application; includeInIndex = 0; path = "run-on-ipad.app"; sourceTree = BUILT_PRODUCTS_DIR; };
		4116D22C1BB7FAE200EE88F2 /* Info.plist */ = {isa = PBXFileReference; lastKnownFileType = text.plist.xml; path = Info.plist; sourceTree = "<group>"; };
		4116D22D1BB7FAE200EE88F2 /* main.m */ = {isa = PBXFileReference; lastKnownFileType = sourcecode.c.objc; path = main.m; sourceTree = "<group>"; };
		4116D22F1BB7FAE200EE88F2 /* AppDelegate.h */ = {isa = PBXFileReference; lastKnownFileType = sourcecode.c.h; path = AppDelegate.h; sourceTree = "<group>"; };
		4116D2301BB7FAE200EE88F2 /* AppDelegate.m */ = {isa = PBXFileReference; lastKnownFileType = sourcecode.c.objc; path = AppDelegate.m; sourceTree = "<group>"; };
		4116D2321BB7FAE200EE88F2 /* ViewController.h */ = {isa = PBXFileReference; lastKnownFileType = sourcecode.c.h; path = ViewController.h; sourceTree = "<group>"; };
		4116D2331BB7FAE200EE88F2 /* ViewController.m */ = {isa = PBXFileReference; lastKnownFileType = sourcecode.c.objc; path = ViewController.m; sourceTree = "<group>"; };
		4116D2361BB7FAE200EE88F2 /* Base */ = {isa = PBXFileReference; lastKnownFileType = file.storyboard; name = Base; path = Base.lproj/Main.storyboard; sourceTree = "<group>"; };
		4116D2381BB7FAE200EE88F2 /* Images.xcassets */ = {isa = PBXFileReference; lastKnownFileType = folder.assetcatalog; path = Images.xcassets; sourceTree = "<group>"; };
		4116D23B1BB7FAE200EE88F2 /* Base */ = {isa = PBXFileReference; lastKnownFileType = file.xib; name = Base; path = Base.lproj/LaunchScreen.xib; sourceTree = "<group>"; };
		41198A7B1B6B7FB40033B390 /* README.md */ = {isa = PBXFileReference; lastKnownFileType = net.daringfireball.markdown; path = README.md; sourceTree = "<group>"; };
		413831FF1BCABCAA009D1ABE /* libmulle_aba (iOS).a */ = {isa = PBXFileReference; explicitFileType = archive.ar; includeInIndex = 0; path = "libmulle_aba (iOS).a"; sourceTree = BUILT_PRODUCTS_DIR; };
		413832041BCAC618009D1ABE /* UIKit.framework */ = {isa = PBXFileReference; lastKnownFileType = wrapper.framework; name = UIKit.framework; path = Platforms/iPhoneOS.platform/Developer/SDKs/iPhoneOS9.0.sdk/System/Library/Frameworks/UIKit.framework; sourceTree = DEVELOPER_DIR; };
		4147852C1ABAF290002DBAE4 /* mulle_aba_test */ = {isa = PBXFileReference; explicitFileType = "compiled.mach-o.executable"; includeInIndex = 0; path = mulle_aba_test; sourceTree = BUILT_PRODUCTS_DIR; };
		4147852F1ABAF290002DBAE4 /* main.c */ = {isa = PBXFileReference; lastKnownFileType = sourcecode.c.c; path = main.c; sourceTree = "<group>"; };
		4147853A1ABB13D7002DBAE4 /* mulle_aba.c */ = {isa = PBXFileReference; fileEncoding = 4; lastKnownFileType = sourcecode.c.c; path = mulle_aba.c; sourceTree = "<group>"; };
		4147853B1ABB13D7002DBAE4 /* mulle_aba.h */ = {isa = PBXFileReference; fileEncoding = 4; lastKnownFileType = sourcecode.c.h; path = mulle_aba.h; sourceTree = "<group>"; };
		414945B01BEAB89C00C92587 /* libmulle_test_allocator.a */ = {isa = PBXFileReference; lastKnownFileType = archive.ar; name = libmulle_test_allocator.a; path = "dependencies/lib/Release-macosx/libmulle_test_allocator.a"; sourceTree = "<group>"; };
		414A61D21C8F15D00011AA7E /* build.sh */ = {isa = PBXFileReference; lastKnownFileType = text.script.sh; path = build.sh; sourceTree = "<group>"; };
		414AC1B31AC2C56100DCA3CC /* mulle_aba_storage.h */ = {isa = PBXFileReference; fileEncoding = 4; lastKnownFileType = sourcecode.c.h; path = mulle_aba_storage.h; sourceTree = "<group>"; };
		414AC1B41AC2C56100DCA3CC /* mulle_aba_storage.c */ = {isa = PBXFileReference; fileEncoding = 4; lastKnownFileType = sourcecode.c.c; path = mulle_aba_storage.c; sourceTree = "<group>"; };
		4158F6F81B5E982B00C5805C /* CMakeLists.txt */ = {isa = PBXFileReference; fileEncoding = 4; lastKnownFileType = text; path = CMakeLists.txt; sourceTree = "<group>"; };
		4164C77C1AC6094C00A8A1C4 /* mulle_aba_defines.h */ = {isa = PBXFileReference; lastKnownFileType = sourcecode.c.h; path = mulle_aba_defines.h; sourceTree = "<group>"; };
		4170B7001BDD2C26008614DC /* RELEASENOTES.md */ = {isa = PBXFileReference; fileEncoding = 4; lastKnownFileType = net.daringfireball.markdown; path = RELEASENOTES.md; sourceTree = "<group>"; };
		4177B15A1B447C4E0073EA65 /* mulle_aba_linkedlist.c */ = {isa = PBXFileReference; fileEncoding = 4; lastKnownFileType = sourcecode.c.c; path = mulle_aba_linkedlist.c; sourceTree = "<group>"; };
		4177B15B1B447C4E0073EA65 /* mulle_aba_linkedlist.h */ = {isa = PBXFileReference; fileEncoding = 4; lastKnownFileType = sourcecode.c.h; path = mulle_aba_linkedlist.h; sourceTree = "<group>"; };
		417C026E1BD84102005A3751 /* Common.xcconfig */ = {isa = PBXFileReference; lastKnownFileType = text.xcconfig; path = Common.xcconfig; sourceTree = "<group>"; };
		417C026F1BD84102005A3751 /* Debug.xcconfig */ = {isa = PBXFileReference; lastKnownFileType = text.xcconfig; path = Debug.xcconfig; sourceTree = "<group>"; };
		417C02701BD84102005A3751 /* IOS.xcconfig */ = {isa = PBXFileReference; lastKnownFileType = text.xcconfig; path = IOS.xcconfig; sourceTree = "<group>"; };
		417C02711BD84102005A3751 /* OSX.xcconfig */ = {isa = PBXFileReference; lastKnownFileType = text.xcconfig; path = OSX.xcconfig; sourceTree = "<group>"; };
		417C02721BD84102005A3751 /* Release.xcconfig */ = {isa = PBXFileReference; lastKnownFileType = text.xcconfig; path = Release.xcconfig; sourceTree = "<group>"; };
		417C02731BD84102005A3751 /* StaticLibrary.xcconfig */ = {isa = PBXFileReference; lastKnownFileType = text.xcconfig; path = StaticLibrary.xcconfig; sourceTree = "<group>"; };
		417C02741BD84102005A3751 /* StaticLibraryIOS.xcconfig */ = {isa = PBXFileReference; lastKnownFileType = text.xcconfig; path = StaticLibraryIOS.xcconfig; sourceTree = "<group>"; };
		417C02751BD84102005A3751 /* StaticLibraryOSX.xcconfig */ = {isa = PBXFileReference; lastKnownFileType = text.xcconfig; path = StaticLibraryOSX.xcconfig; sourceTree = "<group>"; };
		417C02761BD84102005A3751 /* ToolOSX.xcconfig */ = {isa = PBXFileReference; lastKnownFileType = text.xcconfig; path = ToolOSX.xcconfig; sourceTree = "<group>"; };
		418502881C875E22008C77C4 /* example */ = {isa = PBXFileReference; explicitFileType = "compiled.mach-o.executable"; includeInIndex = 0; path = example; sourceTree = BUILT_PRODUCTS_DIR; };
		4185028A1C875E22008C77C4 /* main.m */ = {isa = PBXFileReference; lastKnownFileType = sourcecode.c.objc; path = main.m; sourceTree = "<group>"; };
		419795A11B6A5290005417AA /* mulle_aba_linked_list_test */ = {isa = PBXFileReference; explicitFileType = "compiled.mach-o.executable"; includeInIndex = 0; path = mulle_aba_linked_list_test; sourceTree = BUILT_PRODUCTS_DIR; };
		419795A21B6A52B5005417AA /* ll_main.c */ = {isa = PBXFileReference; fileEncoding = 4; lastKnownFileType = sourcecode.c.c; path = ll_main.c; sourceTree = "<group>"; };
		41B2CC591C512033006CA7BB /* libmulle_allocator.a */ = {isa = PBXFileReference; lastKnownFileType = archive.ar; name = libmulle_allocator.a; path = "dependencies/lib/Debug-macosx/libmulle_allocator.a"; sourceTree = "<group>"; };
		41BE418C1B6BB0F7000C0DD4 /* BUILD.md */ = {isa = PBXFileReference; lastKnownFileType = net.daringfireball.markdown; path = BUILD.md; sourceTree = "<group>"; };
		41F14FE61B68F098002189F1 /* libmulle_aba.a */ = {isa = PBXFileReference; explicitFileType = archive.ar; includeInIndex = 0; path = libmulle_aba.a; sourceTree = BUILT_PRODUCTS_DIR; };
		41F14FF21B6902F9002189F1 /* LICENSE */ = {isa = PBXFileReference; lastKnownFileType = text; path = LICENSE; sourceTree = "<group>"; };
/* End PBXFileReference section */

/* Begin PBXFrameworksBuildPhase section */
		4116D2261BB7FAE200EE88F2 /* Frameworks */ = {
			isa = PBXFrameworksBuildPhase;
			buildActionMask = 2147483647;
			files = (
				413832051BCAC618009D1ABE /* UIKit.framework in Frameworks */,
				413832021BCABCD9009D1ABE /* libmulle_aba (iOS).a in Frameworks */,
				41B2CC5D1C5120B9006CA7BB /* libmulle_allocator.a in Frameworks */,
			);
			runOnlyForDeploymentPostprocessing = 0;
		};
		413831FB1BCABCAA009D1ABE /* Frameworks */ = {
			isa = PBXFrameworksBuildPhase;
			buildActionMask = 2147483647;
			files = (
			);
			runOnlyForDeploymentPostprocessing = 0;
		};
		414785291ABAF290002DBAE4 /* Frameworks */ = {
			isa = PBXFrameworksBuildPhase;
			buildActionMask = 2147483647;
			files = (
				41F14FF11B68F0CA002189F1 /* libmulle_aba.a in Frameworks */,
				41F9363A1CAC4AA20087D0E0 /* libmulle_allocator.a in Frameworks */,
				414945B21BEAB9C800C92587 /* libmulle_test_allocator.a in Frameworks */,
			);
			runOnlyForDeploymentPostprocessing = 0;
		};
		418502851C875E22008C77C4 /* Frameworks */ = {
			isa = PBXFrameworksBuildPhase;
			buildActionMask = 2147483647;
			files = (
				416F9D921C884F6E005B16FC /* libmulle_aba.a in Frameworks */,
				41F9F33D1C8B2526001E405A /* libmulle_allocator.a in Frameworks */,
			);
			runOnlyForDeploymentPostprocessing = 0;
		};
		4197959B1B6A5290005417AA /* Frameworks */ = {
			isa = PBXFrameworksBuildPhase;
			buildActionMask = 2147483647;
			files = (
				4197959C1B6A5290005417AA /* libmulle_aba.a in Frameworks */,
				41F9363B1CAC4AA70087D0E0 /* libmulle_allocator.a in Frameworks */,
				414945B11BEAB89C00C92587 /* libmulle_test_allocator.a in Frameworks */,
			);
			runOnlyForDeploymentPostprocessing = 0;
		};
		41F14FE31B68F098002189F1 /* Frameworks */ = {
			isa = PBXFrameworksBuildPhase;
			buildActionMask = 2147483647;
			files = (
			);
			runOnlyForDeploymentPostprocessing = 0;
		};
/* End PBXFrameworksBuildPhase section */

/* Begin PBXGroup section */
		4116D22A1BB7FAE200EE88F2 /* run-on-ipad */ = {
			isa = PBXGroup;
			children = (
				4116D22F1BB7FAE200EE88F2 /* AppDelegate.h */,
				4116D2301BB7FAE200EE88F2 /* AppDelegate.m */,
				4116D2321BB7FAE200EE88F2 /* ViewController.h */,
				4116D2331BB7FAE200EE88F2 /* ViewController.m */,
				4116D2351BB7FAE200EE88F2 /* Main.storyboard */,
				4116D2381BB7FAE200EE88F2 /* Images.xcassets */,
				4116D23A1BB7FAE200EE88F2 /* LaunchScreen.xib */,
				413832041BCAC618009D1ABE /* UIKit.framework */,
				4116D22B1BB7FAE200EE88F2 /* Supporting Files */,
			);
			path = "run-on-ipad";
			sourceTree = "<group>";
		};
		4116D22B1BB7FAE200EE88F2 /* Supporting Files */ = {
			isa = PBXGroup;
			children = (
				4116D22C1BB7FAE200EE88F2 /* Info.plist */,
				4116D22D1BB7FAE200EE88F2 /* main.m */,
			);
			name = "Supporting Files";
			sourceTree = "<group>";
		};
		414785231ABAF290002DBAE4 = {
			isa = PBXGroup;
			children = (
				414A61D21C8F15D00011AA7E /* build.sh */,
				41198A7B1B6B7FB40033B390 /* README.md */,
				4170B7001BDD2C26008614DC /* RELEASENOTES.md */,
				41BE418C1B6BB0F7000C0DD4 /* BUILD.md */,
				41F14FF21B6902F9002189F1 /* LICENSE */,
				4158F6F81B5E982B00C5805C /* CMakeLists.txt */,
				417C026D1BD84102005A3751 /* mulle-configuration */,
				4147852E1ABAF290002DBAE4 /* src */,
				415930B61BAC50A900B1FB1D /* tests */,
				4116D22A1BB7FAE200EE88F2 /* run-on-ipad */,
				414B4D031C4E6A320068A724 /* Libraries */,
				418502891C875E22008C77C4 /* example */,
				4147852D1ABAF290002DBAE4 /* Products */,
			);
			sourceTree = "<group>";
		};
		4147852D1ABAF290002DBAE4 /* Products */ = {
			isa = PBXGroup;
			children = (
				4147852C1ABAF290002DBAE4 /* mulle_aba_test */,
				41F14FE61B68F098002189F1 /* libmulle_aba.a */,
				419795A11B6A5290005417AA /* mulle_aba_linked_list_test */,
				4116D2291BB7FAE200EE88F2 /* run-on-ipad.app */,
				413831FF1BCABCAA009D1ABE /* libmulle_aba (iOS).a */,
				418502881C875E22008C77C4 /* example */,
			);
			name = Products;
			sourceTree = "<group>";
		};
		4147852E1ABAF290002DBAE4 /* src */ = {
			isa = PBXGroup;
			children = (
				4164C77C1AC6094C00A8A1C4 /* mulle_aba_defines.h */,
				4177B15B1B447C4E0073EA65 /* mulle_aba_linkedlist.h */,
				4177B15A1B447C4E0073EA65 /* mulle_aba_linkedlist.c */,
				414AC1B31AC2C56100DCA3CC /* mulle_aba_storage.h */,
				414AC1B41AC2C56100DCA3CC /* mulle_aba_storage.c */,
				4147853B1ABB13D7002DBAE4 /* mulle_aba.h */,
				4147853A1ABB13D7002DBAE4 /* mulle_aba.c */,
			);
			path = src;
			sourceTree = "<group>";
		};
		414B4D031C4E6A320068A724 /* Libraries */ = {
			isa = PBXGroup;
			children = (
				41B2CC591C512033006CA7BB /* libmulle_allocator.a */,
				414945B01BEAB89C00C92587 /* libmulle_test_allocator.a */,
			);
			name = Libraries;
			sourceTree = "<group>";
		};
		415930B61BAC50A900B1FB1D /* tests */ = {
			isa = PBXGroup;
			children = (
				4147852F1ABAF290002DBAE4 /* main.c */,
				419795A21B6A52B5005417AA /* ll_main.c */,
			);
			name = tests;
			path = src;
			sourceTree = "<group>";
		};
		417C026D1BD84102005A3751 /* mulle-configuration */ = {
			isa = PBXGroup;
			children = (
				417C026E1BD84102005A3751 /* Common.xcconfig */,
				417C026F1BD84102005A3751 /* Debug.xcconfig */,
				417C02701BD84102005A3751 /* IOS.xcconfig */,
				417C02711BD84102005A3751 /* OSX.xcconfig */,
				417C02721BD84102005A3751 /* Release.xcconfig */,
				417C02731BD84102005A3751 /* StaticLibrary.xcconfig */,
				417C02741BD84102005A3751 /* StaticLibraryIOS.xcconfig */,
				417C02751BD84102005A3751 /* StaticLibraryOSX.xcconfig */,
				417C02761BD84102005A3751 /* ToolOSX.xcconfig */,
			);
			path = "mulle-configuration";
			sourceTree = "<group>";
		};
		418502891C875E22008C77C4 /* example */ = {
			isa = PBXGroup;
			children = (
				4185028A1C875E22008C77C4 /* main.m */,
			);
			path = example;
			sourceTree = "<group>";
		};
/* End PBXGroup section */

/* Begin PBXHeadersBuildPhase section */
		417E67751BCC017000AA0322 /* Headers */ = {
			isa = PBXHeadersBuildPhase;
			buildActionMask = 2147483647;
			files = (
				417E67771BCC018700AA0322 /* mulle_aba_linkedlist.h in Headers */,
				417E67781BCC018700AA0322 /* mulle_aba_storage.h in Headers */,
				417E67791BCC018700AA0322 /* mulle_aba.h in Headers */,
				417E67761BCC018700AA0322 /* mulle_aba_defines.h in Headers */,
			);
			runOnlyForDeploymentPostprocessing = 0;
		};
/* End PBXHeadersBuildPhase section */

/* Begin PBXNativeTarget section */
		4116D2281BB7FAE200EE88F2 /* run-on-ipad */ = {
			isa = PBXNativeTarget;
			buildConfigurationList = 4116D24D1BB7FAE200EE88F2 /* Build configuration list for PBXNativeTarget "run-on-ipad" */;
			buildPhases = (
				4116D2251BB7FAE200EE88F2 /* Sources */,
				4116D2261BB7FAE200EE88F2 /* Frameworks */,
				4116D2271BB7FAE200EE88F2 /* Resources */,
			);
			buildRules = (
			);
			dependencies = (
				413832011BCABCD2009D1ABE /* PBXTargetDependency */,
			);
			name = "run-on-ipad";
			productName = "run-on-ipad";
			productReference = 4116D2291BB7FAE200EE88F2 /* run-on-ipad.app */;
			productType = "com.apple.product-type.application";
		};
		413831F51BCABCAA009D1ABE /* mulle_aba (iOS) */ = {
			isa = PBXNativeTarget;
			buildConfigurationList = 413831FC1BCABCAA009D1ABE /* Build configuration list for PBXNativeTarget "mulle_aba (iOS)" */;
			buildPhases = (
				413831F61BCABCAA009D1ABE /* Sources */,
				413831FB1BCABCAA009D1ABE /* Frameworks */,
			);
			buildRules = (
			);
			dependencies = (
			);
			name = "mulle_aba (iOS)";
			productName = mulle_aba;
			productReference = 413831FF1BCABCAA009D1ABE /* libmulle_aba (iOS).a */;
			productType = "com.apple.product-type.library.static";
		};
		4147852B1ABAF290002DBAE4 /* mulle_aba_test */ = {
			isa = PBXNativeTarget;
			buildConfigurationList = 414785331ABAF290002DBAE4 /* Build configuration list for PBXNativeTarget "mulle_aba_test" */;
			buildPhases = (
				414785281ABAF290002DBAE4 /* Sources */,
				414785291ABAF290002DBAE4 /* Frameworks */,
			);
			buildRules = (
			);
			dependencies = (
				41F14FF01B68F0C5002189F1 /* PBXTargetDependency */,
			);
			name = mulle_aba_test;
			productName = "test-gc-storage";
			productReference = 4147852C1ABAF290002DBAE4 /* mulle_aba_test */;
			productType = "com.apple.product-type.tool";
		};
		418502871C875E22008C77C4 /* example */ = {
			isa = PBXNativeTarget;
			buildConfigurationList = 4185028E1C875E22008C77C4 /* Build configuration list for PBXNativeTarget "example" */;
			buildPhases = (
				418502841C875E22008C77C4 /* Sources */,
				418502851C875E22008C77C4 /* Frameworks */,
			);
			buildRules = (
			);
			dependencies = (
				416F9D941C884F72005B16FC /* PBXTargetDependency */,
			);
			name = example;
			productName = example;
			productReference = 418502881C875E22008C77C4 /* example */;
			productType = "com.apple.product-type.tool";
		};
		419795961B6A5290005417AA /* mulle_aba_linked_list_test */ = {
			isa = PBXNativeTarget;
			buildConfigurationList = 4197959E1B6A5290005417AA /* Build configuration list for PBXNativeTarget "mulle_aba_linked_list_test" */;
			buildPhases = (
				419795991B6A5290005417AA /* Sources */,
				4197959B1B6A5290005417AA /* Frameworks */,
			);
			buildRules = (
			);
			dependencies = (
				419795971B6A5290005417AA /* PBXTargetDependency */,
			);
			name = mulle_aba_linked_list_test;
			productName = "test-gc-storage";
			productReference = 419795A11B6A5290005417AA /* mulle_aba_linked_list_test */;
			productType = "com.apple.product-type.tool";
		};
		41F14FE51B68F098002189F1 /* mulle_aba */ = {
			isa = PBXNativeTarget;
			buildConfigurationList = 41F14FE71B68F098002189F1 /* Build configuration list for PBXNativeTarget "mulle_aba" */;
			buildPhases = (
				41F14FE21B68F098002189F1 /* Sources */,
				41F14FE31B68F098002189F1 /* Frameworks */,
				417E67751BCC017000AA0322 /* Headers */,
			);
			buildRules = (
			);
			dependencies = (
			);
			name = mulle_aba;
			productName = mulle_aba;
			productReference = 41F14FE61B68F098002189F1 /* libmulle_aba.a */;
			productType = "com.apple.product-type.library.static";
		};
/* End PBXNativeTarget section */

/* Begin PBXProject section */
		414785241ABAF290002DBAE4 /* Project object */ = {
			isa = PBXProject;
			attributes = {
				LastUpgradeCheck = 0720;
				ORGANIZATIONNAME = "Mulle kybernetiK";
				TargetAttributes = {
					4116D2281BB7FAE200EE88F2 = {
						CreatedOnToolsVersion = 6.4;
						DevelopmentTeam = SFE8DMVLC7;
					};
					4147852B1ABAF290002DBAE4 = {
						CreatedOnToolsVersion = 6.2;
					};
					414945B31BEABB4700C92587 = {
						CreatedOnToolsVersion = 7.1;
					};
					414A61CC1C8EE8110011AA7E = {
						CreatedOnToolsVersion = 7.2.1;
					};
					418502871C875E22008C77C4 = {
						CreatedOnToolsVersion = 7.2.1;
					};
					41F14FE51B68F098002189F1 = {
						CreatedOnToolsVersion = 6.2;
					};
				};
			};
			buildConfigurationList = 414785271ABAF290002DBAE4 /* Build configuration list for PBXProject "mulle-aba" */;
			compatibilityVersion = "Xcode 3.2";
			developmentRegion = English;
			hasScannedForEncodings = 0;
			knownRegions = (
				en,
				Base,
			);
			mainGroup = 414785231ABAF290002DBAE4;
			productRefGroup = 4147852D1ABAF290002DBAE4 /* Products */;
			projectDirPath = "";
			projectRoot = "";
			targets = (
				414A61CC1C8EE8110011AA7E /* Libraries */,
				41F14FE51B68F098002189F1 /* mulle_aba */,
				414945B31BEABB4700C92587 /* Tests */,
				4147852B1ABAF290002DBAE4 /* mulle_aba_test */,
				419795961B6A5290005417AA /* mulle_aba_linked_list_test */,
				4116D2281BB7FAE200EE88F2 /* run-on-ipad */,
				413831F51BCABCAA009D1ABE /* mulle_aba (iOS) */,
				418502871C875E22008C77C4 /* example */,
			);
		};
/* End PBXProject section */

/* Begin PBXResourcesBuildPhase section */
		4116D2271BB7FAE200EE88F2 /* Resources */ = {
			isa = PBXResourcesBuildPhase;
			buildActionMask = 2147483647;
			files = (
				4116D2371BB7FAE200EE88F2 /* Main.storyboard in Resources */,
				4116D23C1BB7FAE200EE88F2 /* LaunchScreen.xib in Resources */,
				4116D2391BB7FAE200EE88F2 /* Images.xcassets in Resources */,
			);
			runOnlyForDeploymentPostprocessing = 0;
		};
/* End PBXResourcesBuildPhase section */

/* Begin PBXSourcesBuildPhase section */
		4116D2251BB7FAE200EE88F2 /* Sources */ = {
			isa = PBXSourcesBuildPhase;
			buildActionMask = 2147483647;
			files = (
				4116D2341BB7FAE200EE88F2 /* ViewController.m in Sources */,
				4116D2311BB7FAE200EE88F2 /* AppDelegate.m in Sources */,
				417260DA1BCB07110049ED48 /* ll_main.c in Sources */,
				4116D22E1BB7FAE200EE88F2 /* main.m in Sources */,
			);
			runOnlyForDeploymentPostprocessing = 0;
		};
		413831F61BCABCAA009D1ABE /* Sources */ = {
			isa = PBXSourcesBuildPhase;
			buildActionMask = 2147483647;
			files = (
				413831F81BCABCAA009D1ABE /* mulle_aba_linkedlist.c in Sources */,
				413831F91BCABCAA009D1ABE /* mulle_aba_storage.c in Sources */,
				413831FA1BCABCAA009D1ABE /* mulle_aba.c in Sources */,
			);
			runOnlyForDeploymentPostprocessing = 0;
		};
		414785281ABAF290002DBAE4 /* Sources */ = {
			isa = PBXSourcesBuildPhase;
			buildActionMask = 2147483647;
			files = (
				414785301ABAF290002DBAE4 /* main.c in Sources */,
			);
			runOnlyForDeploymentPostprocessing = 0;
		};
		418502841C875E22008C77C4 /* Sources */ = {
			isa = PBXSourcesBuildPhase;
			buildActionMask = 2147483647;
			files = (
				4185028B1C875E22008C77C4 /* main.m in Sources */,
			);
			runOnlyForDeploymentPostprocessing = 0;
		};
		419795991B6A5290005417AA /* Sources */ = {
			isa = PBXSourcesBuildPhase;
			buildActionMask = 2147483647;
			files = (
				419795A31B6A52B5005417AA /* ll_main.c in Sources */,
			);
			runOnlyForDeploymentPostprocessing = 0;
		};
		41F14FE21B68F098002189F1 /* Sources */ = {
			isa = PBXSourcesBuildPhase;
			buildActionMask = 2147483647;
			files = (
				41F14FEC1B68F0AE002189F1 /* mulle_aba_linkedlist.c in Sources */,
				41F14FED1B68F0AE002189F1 /* mulle_aba_storage.c in Sources */,
				41F14FEE1B68F0AE002189F1 /* mulle_aba.c in Sources */,
			);
			runOnlyForDeploymentPostprocessing = 0;
		};
/* End PBXSourcesBuildPhase section */

/* Begin PBXTargetDependency section */
		413832011BCABCD2009D1ABE /* PBXTargetDependency */ = {
			isa = PBXTargetDependency;
			target = 413831F51BCABCAA009D1ABE /* mulle_aba (iOS) */;
			targetProxy = 413832001BCABCD2009D1ABE /* PBXContainerItemProxy */;
		};
		414945BC1BEABB5E00C92587 /* PBXTargetDependency */ = {
			isa = PBXTargetDependency;
			target = 4147852B1ABAF290002DBAE4 /* mulle_aba_test */;
			targetProxy = 414945BB1BEABB5E00C92587 /* PBXContainerItemProxy */;
		};
		414945BE1BEABB5E00C92587 /* PBXTargetDependency */ = {
			isa = PBXTargetDependency;
			target = 419795961B6A5290005417AA /* mulle_aba_linked_list_test */;
			targetProxy = 414945BD1BEABB5E00C92587 /* PBXContainerItemProxy */;
		};
		414A61D11C8EE82D0011AA7E /* PBXTargetDependency */ = {
			isa = PBXTargetDependency;
			target = 41F14FE51B68F098002189F1 /* mulle_aba */;
			targetProxy = 414A61D01C8EE82D0011AA7E /* PBXContainerItemProxy */;
		};
		416F9D941C884F72005B16FC /* PBXTargetDependency */ = {
			isa = PBXTargetDependency;
			target = 41F14FE51B68F098002189F1 /* mulle_aba */;
			targetProxy = 416F9D931C884F72005B16FC /* PBXContainerItemProxy */;
		};
		419795971B6A5290005417AA /* PBXTargetDependency */ = {
			isa = PBXTargetDependency;
			target = 41F14FE51B68F098002189F1 /* mulle_aba */;
			targetProxy = 419795981B6A5290005417AA /* PBXContainerItemProxy */;
		};
		41F14FF01B68F0C5002189F1 /* PBXTargetDependency */ = {
			isa = PBXTargetDependency;
			target = 41F14FE51B68F098002189F1 /* mulle_aba */;
			targetProxy = 41F14FEF1B68F0C5002189F1 /* PBXContainerItemProxy */;
		};
/* End PBXTargetDependency section */

/* Begin PBXVariantGroup section */
		4116D2351BB7FAE200EE88F2 /* Main.storyboard */ = {
			isa = PBXVariantGroup;
			children = (
				4116D2361BB7FAE200EE88F2 /* Base */,
			);
			name = Main.storyboard;
			sourceTree = "<group>";
		};
		4116D23A1BB7FAE200EE88F2 /* LaunchScreen.xib */ = {
			isa = PBXVariantGroup;
			children = (
				4116D23B1BB7FAE200EE88F2 /* Base */,
			);
			name = LaunchScreen.xib;
			sourceTree = "<group>";
		};
/* End PBXVariantGroup section */

/* Begin XCBuildConfiguration section */
		4116D2491BB7FAE200EE88F2 /* Debug */ = {
			isa = XCBuildConfiguration;
			buildSettings = {
				ASSETCATALOG_COMPILER_APPICON_NAME = AppIcon;
				CODE_SIGN_IDENTITY = "iPhone Developer";
				GCC_C_LANGUAGE_STANDARD = c11;
				INFOPLIST_FILE = "run-on-ipad/Info.plist";
				IPHONEOS_DEPLOYMENT_TARGET = 8.4;
				LD_RUNPATH_SEARCH_PATHS = "$(inherited) @executable_path/Frameworks";
				OTHER_CFLAGS = (
					"-H",
					"-D__STDC_NO_THREADS__",
					"-DNO_MAIN",
				);
				PRODUCT_BUNDLE_IDENTIFIER = "com.mulle-kybernetik.$(PRODUCT_NAME:rfc1034identifier)";
				PRODUCT_NAME = "$(TARGET_NAME)";
				SDKROOT = iphoneos;
				TARGETED_DEVICE_FAMILY = "1,2";
			};
			name = Debug;
		};
		4116D24A1BB7FAE200EE88F2 /* Release */ = {
			isa = XCBuildConfiguration;
			buildSettings = {
				ASSETCATALOG_COMPILER_APPICON_NAME = AppIcon;
				CODE_SIGN_IDENTITY = "iPhone Developer";
				GCC_C_LANGUAGE_STANDARD = c11;
				INFOPLIST_FILE = "run-on-ipad/Info.plist";
				IPHONEOS_DEPLOYMENT_TARGET = 8.4;
				LD_RUNPATH_SEARCH_PATHS = "$(inherited) @executable_path/Frameworks";
				OTHER_CFLAGS = (
					"-H",
					"-D__STDC_NO_THREADS__",
					"-DNO_MAIN",
				);
				PRODUCT_BUNDLE_IDENTIFIER = "com.mulle-kybernetik.$(PRODUCT_NAME:rfc1034identifier)";
				PRODUCT_NAME = "$(TARGET_NAME)";
				SDKROOT = iphoneos;
				TARGETED_DEVICE_FAMILY = "1,2";
				VALIDATE_PRODUCT = YES;
			};
			name = Release;
		};
		413831FD1BCABCAA009D1ABE /* Debug */ = {
			isa = XCBuildConfiguration;
			baseConfigurationReference = 417C02741BD84102005A3751 /* StaticLibraryIOS.xcconfig */;
			buildSettings = {
			};
			name = Debug;
		};
		413831FE1BCABCAA009D1ABE /* Release */ = {
			isa = XCBuildConfiguration;
			baseConfigurationReference = 417C02741BD84102005A3751 /* StaticLibraryIOS.xcconfig */;
			buildSettings = {
			};
			name = Release;
		};
		414785311ABAF290002DBAE4 /* Debug */ = {
			isa = XCBuildConfiguration;
			baseConfigurationReference = 417C026F1BD84102005A3751 /* Debug.xcconfig */;
			buildSettings = {
				CURRENT_PROJECT_VERSION = 1.2;
			};
			name = Debug;
		};
		414785321ABAF290002DBAE4 /* Release */ = {
			isa = XCBuildConfiguration;
			baseConfigurationReference = 417C02721BD84102005A3751 /* Release.xcconfig */;
			buildSettings = {
				CURRENT_PROJECT_VERSION = 1.2;
			};
			name = Release;
		};
		414785341ABAF290002DBAE4 /* Debug */ = {
			isa = XCBuildConfiguration;
			baseConfigurationReference = 417C02761BD84102005A3751 /* ToolOSX.xcconfig */;
			buildSettings = {
				LIBRARY_SEARCH_PATHS = (
					"$(inherited)",
					"$(PROJECT_DIR)/dependencies/lib/Debug-macosx",
				);
			};
			name = Debug;
		};
		414785351ABAF290002DBAE4 /* Release */ = {
			isa = XCBuildConfiguration;
			baseConfigurationReference = 417C02761BD84102005A3751 /* ToolOSX.xcconfig */;
			buildSettings = {
				LIBRARY_SEARCH_PATHS = (
					"$(inherited)",
					"$(PROJECT_DIR)/dependencies/lib/Debug-macosx",
				);
			};
			name = Release;
		};
		414945B51BEABB4700C92587 /* Debug */ = {
			isa = XCBuildConfiguration;
			buildSettings = {
				PRODUCT_NAME = "$(TARGET_NAME)";
			};
			name = Debug;
		};
		414945B61BEABB4700C92587 /* Release */ = {
			isa = XCBuildConfiguration;
			buildSettings = {
				PRODUCT_NAME = "$(TARGET_NAME)";
			};
			name = Release;
		};
		414A61CD1C8EE8110011AA7E /* Debug */ = {
			isa = XCBuildConfiguration;
			buildSettings = {
			};
			name = Debug;
		};
		414A61CE1C8EE8110011AA7E /* Release */ = {
			isa = XCBuildConfiguration;
			buildSettings = {
			};
			name = Release;
		};
		4185028C1C875E22008C77C4 /* Debug */ = {
			isa = XCBuildConfiguration;
			baseConfigurationReference = 417C02761BD84102005A3751 /* ToolOSX.xcconfig */;
			buildSettings = {
				LIBRARY_SEARCH_PATHS = (
					"$(inherited)",
					"$(PROJECT_DIR)/dependencies/lib/Debug-macosx",
				);
			};
			name = Debug;
		};
		4185028D1C875E22008C77C4 /* Release */ = {
			isa = XCBuildConfiguration;
			baseConfigurationReference = 417C02761BD84102005A3751 /* ToolOSX.xcconfig */;
			buildSettings = {
				LIBRARY_SEARCH_PATHS = (
					"$(inherited)",
					"$(PROJECT_DIR)/dependencies/lib/Debug-macosx",
				);
			};
			name = Release;
		};
		4197959F1B6A5290005417AA /* Debug */ = {
			isa = XCBuildConfiguration;
			baseConfigurationReference = 417C02761BD84102005A3751 /* ToolOSX.xcconfig */;
			buildSettings = {
				LIBRARY_SEARCH_PATHS = (
					"$(inherited)",
					"$(PROJECT_DIR)/dependencies/lib/Debug-macosx",
				);
			};
			name = Debug;
		};
		419795A01B6A5290005417AA /* Release */ = {
			isa = XCBuildConfiguration;
			baseConfigurationReference = 417C02761BD84102005A3751 /* ToolOSX.xcconfig */;
			buildSettings = {
				LIBRARY_SEARCH_PATHS = (
					"$(inherited)",
					"$(PROJECT_DIR)/dependencies/lib/Debug-macosx",
				);
			};
			name = Release;
		};
		41F14FE81B68F098002189F1 /* Debug */ = {
			isa = XCBuildConfiguration;
			baseConfigurationReference = 417C02751BD84102005A3751 /* StaticLibraryOSX.xcconfig */;
			buildSettings = {
				COMBINE_HIDPI_IMAGES = YES;
			};
			name = Debug;
		};
		41F14FE91B68F098002189F1 /* Release */ = {
			isa = XCBuildConfiguration;
			baseConfigurationReference = 417C02751BD84102005A3751 /* StaticLibraryOSX.xcconfig */;
			buildSettings = {
				COMBINE_HIDPI_IMAGES = YES;
			};
			name = Release;
		};
/* End XCBuildConfiguration section */

/* Begin XCConfigurationList section */
		4116D24D1BB7FAE200EE88F2 /* Build configuration list for PBXNativeTarget "run-on-ipad" */ = {
			isa = XCConfigurationList;
			buildConfigurations = (
				4116D2491BB7FAE200EE88F2 /* Debug */,
				4116D24A1BB7FAE200EE88F2 /* Release */,
			);
			defaultConfigurationIsVisible = 0;
			defaultConfigurationName = Release;
		};
		413831FC1BCABCAA009D1ABE /* Build configuration list for PBXNativeTarget "mulle_aba (iOS)" */ = {
			isa = XCConfigurationList;
			buildConfigurations = (
				413831FD1BCABCAA009D1ABE /* Debug */,
				413831FE1BCABCAA009D1ABE /* Release */,
			);
			defaultConfigurationIsVisible = 0;
			defaultConfigurationName = Release;
		};
		414785271ABAF290002DBAE4 /* Build configuration list for PBXProject "mulle-aba" */ = {
			isa = XCConfigurationList;
			buildConfigurations = (
				414785311ABAF290002DBAE4 /* Debug */,
				414785321ABAF290002DBAE4 /* Release */,
			);
			defaultConfigurationIsVisible = 0;
			defaultConfigurationName = Release;
		};
		414785331ABAF290002DBAE4 /* Build configuration list for PBXNativeTarget "mulle_aba_test" */ = {
			isa = XCConfigurationList;
			buildConfigurations = (
				414785341ABAF290002DBAE4 /* Debug */,
				414785351ABAF290002DBAE4 /* Release */,
			);
			defaultConfigurationIsVisible = 0;
			defaultConfigurationName = Release;
		};
		414945B41BEABB4700C92587 /* Build configuration list for PBXAggregateTarget "Tests" */ = {
			isa = XCConfigurationList;
			buildConfigurations = (
				414945B51BEABB4700C92587 /* Debug */,
				414945B61BEABB4700C92587 /* Release */,
			);
			defaultConfigurationIsVisible = 0;
			defaultConfigurationName = Release;
		};
		414A61CF1C8EE8110011AA7E /* Build configuration list for PBXAggregateTarget "Libraries" */ = {
			isa = XCConfigurationList;
			buildConfigurations = (
				414A61CD1C8EE8110011AA7E /* Debug */,
				414A61CE1C8EE8110011AA7E /* Release */,
			);
			defaultConfigurationIsVisible = 0;
			defaultConfigurationName = Release;
		};
		4185028E1C875E22008C77C4 /* Build configuration list for PBXNativeTarget "example" */ = {
			isa = XCConfigurationList;
			buildConfigurations = (
				4185028C1C875E22008C77C4 /* Debug */,
				4185028D1C875E22008C77C4 /* Release */,
			);
			defaultConfigurationIsVisible = 0;
			defaultConfigurationName = Release;
		};
		4197959E1B6A5290005417AA /* Build configuration list for PBXNativeTarget "mulle_aba_linked_list_test" */ = {
			isa = XCConfigurationList;
			buildConfigurations = (
				4197959F1B6A5290005417AA /* Debug */,
				419795A01B6A5290005417AA /* Release */,
			);
			defaultConfigurationIsVisible = 0;
			defaultConfigurationName = Release;
		};
		41F14FE71B68F098002189F1 /* Build configuration list for PBXNativeTarget "mulle_aba" */ = {
			isa = XCConfigurationList;
			buildConfigurations = (
				41F14FE81B68F098002189F1 /* Debug */,
				41F14FE91B68F098002189F1 /* Release */,
			);
			defaultConfigurationIsVisible = 0;
			defaultConfigurationName = Release;
		};
/* End XCConfigurationList section */
	};
	rootObject = 414785241ABAF290002DBAE4 /* Project object */;
}
